
Microsoft Visual Studio Solution File, Format Version 12.00
# Visual Studio Version 17
VisualStudioVersion = 17.9.34607.119
MinimumVisualStudioVersion = 10.0.40219.1
Project("{FAE04EC0-301F-11D3-BF4B-00C04F79EFBC}") = "8_tas_oyunu", "8_tas_oyunu\8_tas_oyunu.csproj", "{F8738667-C984-4DB5-8B6F-D7A4615F025E}"
EndProject
Global
	GlobalSection(SolutionConfigurationPlatforms) = preSolution
		Debug|Any CPU = Debug|Any CPU
		Release|Any CPU = Release|Any CPU
	EndGlobalSection
	GlobalSection(ProjectConfigurationPlatforms) = postSolution
		{F8738667-C984-4DB5-8B6F-D7A4615F025E}.Debug|Any CPU.ActiveCfg = Debug|Any CPU
		{F8738667-C984-4DB5-8B6F-D7A4615F025E}.Debug|Any CPU.Build.0 = Debug|Any CPU
		{F8738667-C984-4DB5-8B6F-D7A4615F025E}.Release|Any CPU.ActiveCfg = Release|Any CPU
		{F8738667-C984-4DB5-8B6F-D7A4615F025E}.Release|Any CPU.Build.0 = Release|Any CPU
	EndGlobalSection
	GlobalSection(SolutionProperties) = preSolution
		HideSolutionNode = FALSE
	EndGlobalSection
	GlobalSection(ExtensibilityGlobals) = postSolution
		SolutionGuid = {0BBF0151-9F33-4A3C-8550-A2405345F6AC}
	EndGlobalSection
EndGlobal
